
Microsoft Visual Studio Solution File, Format Version 12.00
# Visual Studio Version 17
VisualStudioVersion = 17.5.33502.453
MinimumVisualStudioVersion = 10.0.40219.1
Project("{FAE04EC0-301F-11D3-BF4B-00C04F79EFBC}") = "TestBot2", "TestBot2\TestBot2.csproj", "{E96902DC-359A-4558-8B60-324F560EEC2A}"
EndProject
Global
	GlobalSection(SolutionConfigurationPlatforms) = preSolution
		Debug|Any CPU = Debug|Any CPU
		Release|Any CPU = Release|Any CPU
	EndGlobalSection
	GlobalSection(ProjectConfigurationPlatforms) = postSolution
		{E96902DC-359A-4558-8B60-324F560EEC2A}.Debug|Any CPU.ActiveCfg = Debug|Any CPU
		{E96902DC-359A-4558-8B60-324F560EEC2A}.Debug|Any CPU.Build.0 = Debug|Any CPU
		{E96902DC-359A-4558-8B60-324F560EEC2A}.Release|Any CPU.ActiveCfg = Release|Any CPU
		{E96902DC-359A-4558-8B60-324F560EEC2A}.Release|Any CPU.Build.0 = Release|Any CPU
	EndGlobalSection
	GlobalSection(SolutionProperties) = preSolution
		HideSolutionNode = FALSE
	EndGlobalSection
	GlobalSection(ExtensibilityGlobals) = postSolution
		SolutionGuid = {2ECD1575-E51B-4F70-A17F-29D6725AE9C8}
	EndGlobalSection
EndGlobal
